
Microsoft Visual Studio Solution File, Format Version 12.00
# Visual Studio Version 16
VisualStudioVersion = 16.0.31112.23
MinimumVisualStudioVersion = 10.0.40219.1
Project("{8BC9CEB8-8B4A-11D0-8D11-00A0C91BC942}") = "HelloWorld", "HelloWorld\HelloWorld.vcxproj", "{7931363E-3B9B-4C4B-901E-C0260B1E9D13}"
EndProject
Project("{8BC9CEB8-8B4A-11D0-8D11-00A0C91BC942}") = "Primitive-Data-Types", "Primitive-Data-Types\Primitive-Data-Types.vcxproj", "{CC5F9144-8641-4DBE-85E7-C2BEDC671E99}"
EndProject
Project("{8BC9CEB8-8B4A-11D0-8D11-00A0C91BC942}") = "USD-ClassNotes", "UserDataTypes\UserDataTypes.vcxproj", "{AF38F24F-D690-4177-8AB2-276AACE9F35F}"
EndProject
Project("{8BC9CEB8-8B4A-11D0-8D11-00A0C91BC942}") = "UserDataType", "UserDataType\UserDataType.vcxproj", "{A2EB692F-F9BF-4B67-8DD7-DAF7680AFB18}"
EndProject
Project("{8BC9CEB8-8B4A-11D0-8D11-00A0C91BC942}") = "Memory-ClassNotes", "Memory-ClassNotes\Memory-ClassNotes.vcxproj", "{6A6C8A53-4A3A-4C05-91E9-4CD60171345C}"
EndProject
Project("{8BC9CEB8-8B4A-11D0-8D11-00A0C91BC942}") = "OOP", "OOP\OOP.vcxproj", "{2BD3E6EC-C879-48C9-BC2B-08580E1FE7D8}"
EndProject
Project("{8BC9CEB8-8B4A-11D0-8D11-00A0C91BC942}") = "Memory Review", "Memory Review\Memory Review.vcxproj", "{9ED7E262-3801-4DE6-8016-AC2BAEA4BD20}"
EndProject
Project("{8BC9CEB8-8B4A-11D0-8D11-00A0C91BC942}") = "Database", "Database\Database.vcxproj", "{2F08FE8E-1014-4B10-B9B3-9217227FD9DD}"
EndProject
Global
	GlobalSection(SolutionConfigurationPlatforms) = preSolution
		Debug|x64 = Debug|x64
		Debug|x86 = Debug|x86
		Release|x64 = Release|x64
		Release|x86 = Release|x86
	EndGlobalSection
	GlobalSection(ProjectConfigurationPlatforms) = postSolution
		{7931363E-3B9B-4C4B-901E-C0260B1E9D13}.Debug|x64.ActiveCfg = Debug|x64
		{7931363E-3B9B-4C4B-901E-C0260B1E9D13}.Debug|x64.Build.0 = Debug|x64
		{7931363E-3B9B-4C4B-901E-C0260B1E9D13}.Debug|x86.ActiveCfg = Debug|Win32
		{7931363E-3B9B-4C4B-901E-C0260B1E9D13}.Debug|x86.Build.0 = Debug|Win32
		{7931363E-3B9B-4C4B-901E-C0260B1E9D13}.Release|x64.ActiveCfg = Release|x64
		{7931363E-3B9B-4C4B-901E-C0260B1E9D13}.Release|x64.Build.0 = Release|x64
		{7931363E-3B9B-4C4B-901E-C0260B1E9D13}.Release|x86.ActiveCfg = Release|Win32
		{7931363E-3B9B-4C4B-901E-C0260B1E9D13}.Release|x86.Build.0 = Release|Win32
		{CC5F9144-8641-4DBE-85E7-C2BEDC671E99}.Debug|x64.ActiveCfg = Debug|x64
		{CC5F9144-8641-4DBE-85E7-C2BEDC671E99}.Debug|x64.Build.0 = Debug|x64
		{CC5F9144-8641-4DBE-85E7-C2BEDC671E99}.Debug|x86.ActiveCfg = Debug|Win32
		{CC5F9144-8641-4DBE-85E7-C2BEDC671E99}.Debug|x86.Build.0 = Debug|Win32
		{CC5F9144-8641-4DBE-85E7-C2BEDC671E99}.Release|x64.ActiveCfg = Release|x64
		{CC5F9144-8641-4DBE-85E7-C2BEDC671E99}.Release|x64.Build.0 = Release|x64
		{CC5F9144-8641-4DBE-85E7-C2BEDC671E99}.Release|x86.ActiveCfg = Release|Win32
		{CC5F9144-8641-4DBE-85E7-C2BEDC671E99}.Release|x86.Build.0 = Release|Win32
		{AF38F24F-D690-4177-8AB2-276AACE9F35F}.Debug|x64.ActiveCfg = Debug|x64
		{AF38F24F-D690-4177-8AB2-276AACE9F35F}.Debug|x64.Build.0 = Debug|x64
		{AF38F24F-D690-4177-8AB2-276AACE9F35F}.Debug|x86.ActiveCfg = Debug|Win32
		{AF38F24F-D690-4177-8AB2-276AACE9F35F}.Debug|x86.Build.0 = Debug|Win32
		{AF38F24F-D690-4177-8AB2-276AACE9F35F}.Release|x64.ActiveCfg = Release|x64
		{AF38F24F-D690-4177-8AB2-276AACE9F35F}.Release|x64.Build.0 = Release|x64
		{AF38F24F-D690-4177-8AB2-276AACE9F35F}.Release|x86.ActiveCfg = Release|Win32
		{AF38F24F-D690-4177-8AB2-276AACE9F35F}.Release|x86.Build.0 = Release|Win32
		{A2EB692F-F9BF-4B67-8DD7-DAF7680AFB18}.Debug|x64.ActiveCfg = Debug|x64
		{A2EB692F-F9BF-4B67-8DD7-DAF7680AFB18}.Debug|x64.Build.0 = Debug|x64
		{A2EB692F-F9BF-4B67-8DD7-DAF7680AFB18}.Debug|x86.ActiveCfg = Debug|Win32
		{A2EB692F-F9BF-4B67-8DD7-DAF7680AFB18}.Debug|x86.Build.0 = Debug|Win32
		{A2EB692F-F9BF-4B67-8DD7-DAF7680AFB18}.Release|x64.ActiveCfg = Release|x64
		{A2EB692F-F9BF-4B67-8DD7-DAF7680AFB18}.Release|x64.Build.0 = Release|x64
		{A2EB692F-F9BF-4B67-8DD7-DAF7680AFB18}.Release|x86.ActiveCfg = Release|Win32
		{A2EB692F-F9BF-4B67-8DD7-DAF7680AFB18}.Release|x86.Build.0 = Release|Win32
		{6A6C8A53-4A3A-4C05-91E9-4CD60171345C}.Debug|x64.ActiveCfg = Debug|x64
		{6A6C8A53-4A3A-4C05-91E9-4CD60171345C}.Debug|x64.Build.0 = Debug|x64
		{6A6C8A53-4A3A-4C05-91E9-4CD60171345C}.Debug|x86.ActiveCfg = Debug|Win32
		{6A6C8A53-4A3A-4C05-91E9-4CD60171345C}.Debug|x86.Build.0 = Debug|Win32
		{6A6C8A53-4A3A-4C05-91E9-4CD60171345C}.Release|x64.ActiveCfg = Release|x64
		{6A6C8A53-4A3A-4C05-91E9-4CD60171345C}.Release|x64.Build.0 = Release|x64
		{6A6C8A53-4A3A-4C05-91E9-4CD60171345C}.Release|x86.ActiveCfg = Release|Win32
		{6A6C8A53-4A3A-4C05-91E9-4CD60171345C}.Release|x86.Build.0 = Release|Win32
		{2BD3E6EC-C879-48C9-BC2B-08580E1FE7D8}.Debug|x64.ActiveCfg = Debug|x64
		{2BD3E6EC-C879-48C9-BC2B-08580E1FE7D8}.Debug|x64.Build.0 = Debug|x64
		{2BD3E6EC-C879-48C9-BC2B-08580E1FE7D8}.Debug|x86.ActiveCfg = Debug|Win32
		{2BD3E6EC-C879-48C9-BC2B-08580E1FE7D8}.Debug|x86.Build.0 = Debug|Win32
		{2BD3E6EC-C879-48C9-BC2B-08580E1FE7D8}.Release|x64.ActiveCfg = Release|x64
		{2BD3E6EC-C879-48C9-BC2B-08580E1FE7D8}.Release|x64.Build.0 = Release|x64
		{2BD3E6EC-C879-48C9-BC2B-08580E1FE7D8}.Release|x86.ActiveCfg = Release|Win32
		{2BD3E6EC-C879-48C9-BC2B-08580E1FE7D8}.Release|x86.Build.0 = Release|Win32
		{9ED7E262-3801-4DE6-8016-AC2BAEA4BD20}.Debug|x64.ActiveCfg = Debug|x64
		{9ED7E262-3801-4DE6-8016-AC2BAEA4BD20}.Debug|x64.Build.0 = Debug|x64
		{9ED7E262-3801-4DE6-8016-AC2BAEA4BD20}.Debug|x86.ActiveCfg = Debug|Win32
		{9ED7E262-3801-4DE6-8016-AC2BAEA4BD20}.Debug|x86.Build.0 = Debug|Win32
		{9ED7E262-3801-4DE6-8016-AC2BAEA4BD20}.Release|x64.ActiveCfg = Release|x64
		{9ED7E262-3801-4DE6-8016-AC2BAEA4BD20}.Release|x64.Build.0 = Release|x64
		{9ED7E262-3801-4DE6-8016-AC2BAEA4BD20}.Release|x86.ActiveCfg = Release|Win32
		{9ED7E262-3801-4DE6-8016-AC2BAEA4BD20}.Release|x86.Build.0 = Release|Win32
		{2F08FE8E-1014-4B10-B9B3-9217227FD9DD}.Debug|x64.ActiveCfg = Debug|x64
		{2F08FE8E-1014-4B10-B9B3-9217227FD9DD}.Debug|x64.Build.0 = Debug|x64
		{2F08FE8E-1014-4B10-B9B3-9217227FD9DD}.Debug|x86.ActiveCfg = Debug|Win32
		{2F08FE8E-1014-4B10-B9B3-9217227FD9DD}.Debug|x86.Build.0 = Debug|Win32
		{2F08FE8E-1014-4B10-B9B3-9217227FD9DD}.Release|x64.ActiveCfg = Release|x64
		{2F08FE8E-1014-4B10-B9B3-9217227FD9DD}.Release|x64.Build.0 = Release|x64
		{2F08FE8E-1014-4B10-B9B3-9217227FD9DD}.Release|x86.ActiveCfg = Release|Win32
		{2F08FE8E-1014-4B10-B9B3-9217227FD9DD}.Release|x86.Build.0 = Release|Win32
	EndGlobalSection
	GlobalSection(SolutionProperties) = preSolution
		HideSolutionNode = FALSE
	EndGlobalSection
	GlobalSection(ExtensibilityGlobals) = postSolution
		SolutionGuid = {A46B6411-92AC-4EBF-92A9-0E14CD88B851}
	EndGlobalSection
EndGlobal
